
Microsoft Visual Studio Solution File, Format Version 12.00
# Visual Studio Version 16
VisualStudioVersion = 16.0.30804.86
MinimumVisualStudioVersion = 10.0.40219.1
Project("{FAE04EC0-301F-11D3-BF4B-00C04F79EFBC}") = "Hospital", "Hospital\Hospital.csproj", "{4D031F50-7C96-4DCA-813F-B798E1EF2220}"
EndProject
Global
	GlobalSection(SolutionConfigurationPlatforms) = preSolution
		Debug|Any CPU = Debug|Any CPU
		Release|Any CPU = Release|Any CPU
	EndGlobalSection
	GlobalSection(ProjectConfigurationPlatforms) = postSolution
		{4D031F50-7C96-4DCA-813F-B798E1EF2220}.Debug|Any CPU.ActiveCfg = Debug|Any CPU
		{4D031F50-7C96-4DCA-813F-B798E1EF2220}.Debug|Any CPU.Build.0 = Debug|Any CPU
		{4D031F50-7C96-4DCA-813F-B798E1EF2220}.Release|Any CPU.ActiveCfg = Release|Any CPU
		{4D031F50-7C96-4DCA-813F-B798E1EF2220}.Release|Any CPU.Build.0 = Release|Any CPU
	EndGlobalSection
	GlobalSection(SolutionProperties) = preSolution
		HideSolutionNode = FALSE
	EndGlobalSection
	GlobalSection(ExtensibilityGlobals) = postSolution
		SolutionGuid = {201023E0-A9DD-4FBD-B33C-13178A389082}
	EndGlobalSection
EndGlobal
